
Microsoft Visual Studio Solution File, Format Version 12.00
# Visual Studio 15
VisualStudioVersion = 15.0.28307.1433
MinimumVisualStudioVersion = 10.0.40219.1
Project("{FAE04EC0-301F-11D3-BF4B-00C04F79EFBC}") = "WebApplication", "WebApplication\WebApplication.csproj", "{77F69CB9-E2FC-4A5A-8C0F-9197CBE06D76}"
EndProject
Project("{FAE04EC0-301F-11D3-BF4B-00C04F79EFBC}") = "XUnitTest", "XUnitTest\XUnitTest.csproj", "{4E47AFB8-1EB8-442B-87DA-255B910A9215}"
EndProject
Global
	GlobalSection(SolutionConfigurationPlatforms) = preSolution
		Debug|Any CPU = Debug|Any CPU
		Release|Any CPU = Release|Any CPU
	EndGlobalSection
	GlobalSection(ProjectConfigurationPlatforms) = postSolution
		{77F69CB9-E2FC-4A5A-8C0F-9197CBE06D76}.Debug|Any CPU.ActiveCfg = Debug|Any CPU
		{77F69CB9-E2FC-4A5A-8C0F-9197CBE06D76}.Debug|Any CPU.Build.0 = Debug|Any CPU
		{77F69CB9-E2FC-4A5A-8C0F-9197CBE06D76}.Release|Any CPU.ActiveCfg = Release|Any CPU
		{77F69CB9-E2FC-4A5A-8C0F-9197CBE06D76}.Release|Any CPU.Build.0 = Release|Any CPU
		{4E47AFB8-1EB8-442B-87DA-255B910A9215}.Debug|Any CPU.ActiveCfg = Debug|Any CPU
		{4E47AFB8-1EB8-442B-87DA-255B910A9215}.Debug|Any CPU.Build.0 = Debug|Any CPU
		{4E47AFB8-1EB8-442B-87DA-255B910A9215}.Release|Any CPU.ActiveCfg = Release|Any CPU
		{4E47AFB8-1EB8-442B-87DA-255B910A9215}.Release|Any CPU.Build.0 = Release|Any CPU
	EndGlobalSection
	GlobalSection(SolutionProperties) = preSolution
		HideSolutionNode = FALSE
	EndGlobalSection
	GlobalSection(ExtensibilityGlobals) = postSolution
		SolutionGuid = {249634D9-0F46-4591-BB6F-4CE0FC9C561F}
	EndGlobalSection
EndGlobal
